
Microsoft Visual Studio Solution File, Format Version 12.00
# Visual Studio Version 16
VisualStudioVersion = 16.0.32002.261
MinimumVisualStudioVersion = 10.0.40219.1
Project("{FAE04EC0-301F-11D3-BF4B-00C04F79EFBC}") = "T2012E_Helloworld", "T2012E_Helloworld\T2012E_Helloworld.csproj", "{FA21EB6B-2658-4B13-8E6F-06342C5CFB6E}"
EndProject
Project("{FAE04EC0-301F-11D3-BF4B-00C04F79EFBC}") = "HelloNewtonsoft", "HelloNewtonsoft\HelloNewtonsoft.csproj", "{87874F0A-94BC-4A15-B405-D4638545E428}"
EndProject
Project("{FAE04EC0-301F-11D3-BF4B-00C04F79EFBC}") = "Bai_Tap_2", "Bai_Tap_2\Bai_Tap_2.csproj", "{6B5CC925-90BB-4D96-883A-FB27987CA460}"
EndProject
Project("{FAE04EC0-301F-11D3-BF4B-00C04F79EFBC}") = "UWP_Sqlite", "UWP_Sqlite\UWP_Sqlite.csproj", "{85D253A6-7C54-4EE2-8676-C8EE44ADB5C1}"
EndProject
Project("{FAE04EC0-301F-11D3-BF4B-00C04F79EFBC}") = "Assignment_UWP", "Assignment_UWP\Assignment_UWP.csproj", "{85800F71-9E3C-436D-ADB6-1354680364C7}"
EndProject
Global
	GlobalSection(SolutionConfigurationPlatforms) = preSolution
		Debug|Any CPU = Debug|Any CPU
		Debug|ARM = Debug|ARM
		Debug|ARM64 = Debug|ARM64
		Debug|x64 = Debug|x64
		Debug|x86 = Debug|x86
		Release|Any CPU = Release|Any CPU
		Release|ARM = Release|ARM
		Release|ARM64 = Release|ARM64
		Release|x64 = Release|x64
		Release|x86 = Release|x86
	EndGlobalSection
	GlobalSection(ProjectConfigurationPlatforms) = postSolution
		{FA21EB6B-2658-4B13-8E6F-06342C5CFB6E}.Debug|Any CPU.ActiveCfg = Debug|x86
		{FA21EB6B-2658-4B13-8E6F-06342C5CFB6E}.Debug|ARM.ActiveCfg = Debug|ARM
		{FA21EB6B-2658-4B13-8E6F-06342C5CFB6E}.Debug|ARM.Build.0 = Debug|ARM
		{FA21EB6B-2658-4B13-8E6F-06342C5CFB6E}.Debug|ARM.Deploy.0 = Debug|ARM
		{FA21EB6B-2658-4B13-8E6F-06342C5CFB6E}.Debug|ARM64.ActiveCfg = Debug|ARM64
		{FA21EB6B-2658-4B13-8E6F-06342C5CFB6E}.Debug|ARM64.Build.0 = Debug|ARM64
		{FA21EB6B-2658-4B13-8E6F-06342C5CFB6E}.Debug|ARM64.Deploy.0 = Debug|ARM64
		{FA21EB6B-2658-4B13-8E6F-06342C5CFB6E}.Debug|x64.ActiveCfg = Debug|x64
		{FA21EB6B-2658-4B13-8E6F-06342C5CFB6E}.Debug|x64.Build.0 = Debug|x64
		{FA21EB6B-2658-4B13-8E6F-06342C5CFB6E}.Debug|x64.Deploy.0 = Debug|x64
		{FA21EB6B-2658-4B13-8E6F-06342C5CFB6E}.Debug|x86.ActiveCfg = Debug|x86
		{FA21EB6B-2658-4B13-8E6F-06342C5CFB6E}.Debug|x86.Build.0 = Debug|x86
		{FA21EB6B-2658-4B13-8E6F-06342C5CFB6E}.Debug|x86.Deploy.0 = Debug|x86
		{FA21EB6B-2658-4B13-8E6F-06342C5CFB6E}.Release|Any CPU.ActiveCfg = Release|x86
		{FA21EB6B-2658-4B13-8E6F-06342C5CFB6E}.Release|ARM.ActiveCfg = Release|ARM
		{FA21EB6B-2658-4B13-8E6F-06342C5CFB6E}.Release|ARM.Build.0 = Release|ARM
		{FA21EB6B-2658-4B13-8E6F-06342C5CFB6E}.Release|ARM.Deploy.0 = Release|ARM
		{FA21EB6B-2658-4B13-8E6F-06342C5CFB6E}.Release|ARM64.ActiveCfg = Release|ARM64
		{FA21EB6B-2658-4B13-8E6F-06342C5CFB6E}.Release|ARM64.Build.0 = Release|ARM64
		{FA21EB6B-2658-4B13-8E6F-06342C5CFB6E}.Release|ARM64.Deploy.0 = Release|ARM64
		{FA21EB6B-2658-4B13-8E6F-06342C5CFB6E}.Release|x64.ActiveCfg = Release|x64
		{FA21EB6B-2658-4B13-8E6F-06342C5CFB6E}.Release|x64.Build.0 = Release|x64
		{FA21EB6B-2658-4B13-8E6F-06342C5CFB6E}.Release|x64.Deploy.0 = Release|x64
		{FA21EB6B-2658-4B13-8E6F-06342C5CFB6E}.Release|x86.ActiveCfg = Release|x86
		{FA21EB6B-2658-4B13-8E6F-06342C5CFB6E}.Release|x86.Build.0 = Release|x86
		{FA21EB6B-2658-4B13-8E6F-06342C5CFB6E}.Release|x86.Deploy.0 = Release|x86
		{87874F0A-94BC-4A15-B405-D4638545E428}.Debug|Any CPU.ActiveCfg = Debug|Any CPU
		{87874F0A-94BC-4A15-B405-D4638545E428}.Debug|Any CPU.Build.0 = Debug|Any CPU
		{87874F0A-94BC-4A15-B405-D4638545E428}.Debug|ARM.ActiveCfg = Debug|Any CPU
		{87874F0A-94BC-4A15-B405-D4638545E428}.Debug|ARM.Build.0 = Debug|Any CPU
		{87874F0A-94BC-4A15-B405-D4638545E428}.Debug|ARM64.ActiveCfg = Debug|Any CPU
		{87874F0A-94BC-4A15-B405-D4638545E428}.Debug|ARM64.Build.0 = Debug|Any CPU
		{87874F0A-94BC-4A15-B405-D4638545E428}.Debug|x64.ActiveCfg = Debug|Any CPU
		{87874F0A-94BC-4A15-B405-D4638545E428}.Debug|x64.Build.0 = Debug|Any CPU
		{87874F0A-94BC-4A15-B405-D4638545E428}.Debug|x86.ActiveCfg = Debug|Any CPU
		{87874F0A-94BC-4A15-B405-D4638545E428}.Debug|x86.Build.0 = Debug|Any CPU
		{87874F0A-94BC-4A15-B405-D4638545E428}.Release|Any CPU.ActiveCfg = Release|Any CPU
		{87874F0A-94BC-4A15-B405-D4638545E428}.Release|Any CPU.Build.0 = Release|Any CPU
		{87874F0A-94BC-4A15-B405-D4638545E428}.Release|ARM.ActiveCfg = Release|Any CPU
		{87874F0A-94BC-4A15-B405-D4638545E428}.Release|ARM.Build.0 = Release|Any CPU
		{87874F0A-94BC-4A15-B405-D4638545E428}.Release|ARM64.ActiveCfg = Release|Any CPU
		{87874F0A-94BC-4A15-B405-D4638545E428}.Release|ARM64.Build.0 = Release|Any CPU
		{87874F0A-94BC-4A15-B405-D4638545E428}.Release|x64.ActiveCfg = Release|Any CPU
		{87874F0A-94BC-4A15-B405-D4638545E428}.Release|x64.Build.0 = Release|Any CPU
		{87874F0A-94BC-4A15-B405-D4638545E428}.Release|x86.ActiveCfg = Release|Any CPU
		{87874F0A-94BC-4A15-B405-D4638545E428}.Release|x86.Build.0 = Release|Any CPU
		{6B5CC925-90BB-4D96-883A-FB27987CA460}.Debug|Any CPU.ActiveCfg = Debug|x86
		{6B5CC925-90BB-4D96-883A-FB27987CA460}.Debug|ARM.ActiveCfg = Debug|ARM
		{6B5CC925-90BB-4D96-883A-FB27987CA460}.Debug|ARM.Build.0 = Debug|ARM
		{6B5CC925-90BB-4D96-883A-FB27987CA460}.Debug|ARM.Deploy.0 = Debug|ARM
		{6B5CC925-90BB-4D96-883A-FB27987CA460}.Debug|ARM64.ActiveCfg = Debug|ARM64
		{6B5CC925-90BB-4D96-883A-FB27987CA460}.Debug|ARM64.Build.0 = Debug|ARM64
		{6B5CC925-90BB-4D96-883A-FB27987CA460}.Debug|ARM64.Deploy.0 = Debug|ARM64
		{6B5CC925-90BB-4D96-883A-FB27987CA460}.Debug|x64.ActiveCfg = Debug|x64
		{6B5CC925-90BB-4D96-883A-FB27987CA460}.Debug|x64.Build.0 = Debug|x64
		{6B5CC925-90BB-4D96-883A-FB27987CA460}.Debug|x64.Deploy.0 = Debug|x64
		{6B5CC925-90BB-4D96-883A-FB27987CA460}.Debug|x86.ActiveCfg = Debug|x86
		{6B5CC925-90BB-4D96-883A-FB27987CA460}.Debug|x86.Build.0 = Debug|x86
		{6B5CC925-90BB-4D96-883A-FB27987CA460}.Debug|x86.Deploy.0 = Debug|x86
		{6B5CC925-90BB-4D96-883A-FB27987CA460}.Release|Any CPU.ActiveCfg = Release|x86
		{6B5CC925-90BB-4D96-883A-FB27987CA460}.Release|ARM.ActiveCfg = Release|ARM
		{6B5CC925-90BB-4D96-883A-FB27987CA460}.Release|ARM.Build.0 = Release|ARM
		{6B5CC925-90BB-4D96-883A-FB27987CA460}.Release|ARM.Deploy.0 = Release|ARM
		{6B5CC925-90BB-4D96-883A-FB27987CA460}.Release|ARM64.ActiveCfg = Release|ARM64
		{6B5CC925-90BB-4D96-883A-FB27987CA460}.Release|ARM64.Build.0 = Release|ARM64
		{6B5CC925-90BB-4D96-883A-FB27987CA460}.Release|ARM64.Deploy.0 = Release|ARM64
		{6B5CC925-90BB-4D96-883A-FB27987CA460}.Release|x64.ActiveCfg = Release|x64
		{6B5CC925-90BB-4D96-883A-FB27987CA460}.Release|x64.Build.0 = Release|x64
		{6B5CC925-90BB-4D96-883A-FB27987CA460}.Release|x64.Deploy.0 = Release|x64
		{6B5CC925-90BB-4D96-883A-FB27987CA460}.Release|x86.ActiveCfg = Release|x86
		{6B5CC925-90BB-4D96-883A-FB27987CA460}.Release|x86.Build.0 = Release|x86
		{6B5CC925-90BB-4D96-883A-FB27987CA460}.Release|x86.Deploy.0 = Release|x86
		{85D253A6-7C54-4EE2-8676-C8EE44ADB5C1}.Debug|Any CPU.ActiveCfg = Debug|x86
		{85D253A6-7C54-4EE2-8676-C8EE44ADB5C1}.Debug|ARM.ActiveCfg = Debug|ARM
		{85D253A6-7C54-4EE2-8676-C8EE44ADB5C1}.Debug|ARM.Build.0 = Debug|ARM
		{85D253A6-7C54-4EE2-8676-C8EE44ADB5C1}.Debug|ARM.Deploy.0 = Debug|ARM
		{85D253A6-7C54-4EE2-8676-C8EE44ADB5C1}.Debug|ARM64.ActiveCfg = Debug|ARM64
		{85D253A6-7C54-4EE2-8676-C8EE44ADB5C1}.Debug|ARM64.Build.0 = Debug|ARM64
		{85D253A6-7C54-4EE2-8676-C8EE44ADB5C1}.Debug|ARM64.Deploy.0 = Debug|ARM64
		{85D253A6-7C54-4EE2-8676-C8EE44ADB5C1}.Debug|x64.ActiveCfg = Debug|x64
		{85D253A6-7C54-4EE2-8676-C8EE44ADB5C1}.Debug|x64.Build.0 = Debug|x64
		{85D253A6-7C54-4EE2-8676-C8EE44ADB5C1}.Debug|x64.Deploy.0 = Debug|x64
		{85D253A6-7C54-4EE2-8676-C8EE44ADB5C1}.Debug|x86.ActiveCfg = Debug|x86
		{85D253A6-7C54-4EE2-8676-C8EE44ADB5C1}.Debug|x86.Build.0 = Debug|x86
		{85D253A6-7C54-4EE2-8676-C8EE44ADB5C1}.Debug|x86.Deploy.0 = Debug|x86
		{85D253A6-7C54-4EE2-8676-C8EE44ADB5C1}.Release|Any CPU.ActiveCfg = Release|x86
		{85D253A6-7C54-4EE2-8676-C8EE44ADB5C1}.Release|ARM.ActiveCfg = Release|ARM
		{85D253A6-7C54-4EE2-8676-C8EE44ADB5C1}.Release|ARM.Build.0 = Release|ARM
		{85D253A6-7C54-4EE2-8676-C8EE44ADB5C1}.Release|ARM.Deploy.0 = Release|ARM
		{85D253A6-7C54-4EE2-8676-C8EE44ADB5C1}.Release|ARM64.ActiveCfg = Release|ARM64
		{85D253A6-7C54-4EE2-8676-C8EE44ADB5C1}.Release|ARM64.Build.0 = Release|ARM64
		{85D253A6-7C54-4EE2-8676-C8EE44ADB5C1}.Release|ARM64.Deploy.0 = Release|ARM64
		{85D253A6-7C54-4EE2-8676-C8EE44ADB5C1}.Release|x64.ActiveCfg = Release|x64
		{85D253A6-7C54-4EE2-8676-C8EE44ADB5C1}.Release|x64.Build.0 = Release|x64
		{85D253A6-7C54-4EE2-8676-C8EE44ADB5C1}.Release|x64.Deploy.0 = Release|x64
		{85D253A6-7C54-4EE2-8676-C8EE44ADB5C1}.Release|x86.ActiveCfg = Release|x86
		{85D253A6-7C54-4EE2-8676-C8EE44ADB5C1}.Release|x86.Build.0 = Release|x86
		{85D253A6-7C54-4EE2-8676-C8EE44ADB5C1}.Release|x86.Deploy.0 = Release|x86
		{85800F71-9E3C-436D-ADB6-1354680364C7}.Debug|Any CPU.ActiveCfg = Debug|x86
		{85800F71-9E3C-436D-ADB6-1354680364C7}.Debug|ARM.ActiveCfg = Debug|ARM
		{85800F71-9E3C-436D-ADB6-1354680364C7}.Debug|ARM.Build.0 = Debug|ARM
		{85800F71-9E3C-436D-ADB6-1354680364C7}.Debug|ARM.Deploy.0 = Debug|ARM
		{85800F71-9E3C-436D-ADB6-1354680364C7}.Debug|ARM64.ActiveCfg = Debug|ARM64
		{85800F71-9E3C-436D-ADB6-1354680364C7}.Debug|ARM64.Build.0 = Debug|ARM64
		{85800F71-9E3C-436D-ADB6-1354680364C7}.Debug|ARM64.Deploy.0 = Debug|ARM64
		{85800F71-9E3C-436D-ADB6-1354680364C7}.Debug|x64.ActiveCfg = Debug|x64
		{85800F71-9E3C-436D-ADB6-1354680364C7}.Debug|x64.Build.0 = Debug|x64
		{85800F71-9E3C-436D-ADB6-1354680364C7}.Debug|x64.Deploy.0 = Debug|x64
		{85800F71-9E3C-436D-ADB6-1354680364C7}.Debug|x86.ActiveCfg = Debug|x86
		{85800F71-9E3C-436D-ADB6-1354680364C7}.Debug|x86.Build.0 = Debug|x86
		{85800F71-9E3C-436D-ADB6-1354680364C7}.Debug|x86.Deploy.0 = Debug|x86
		{85800F71-9E3C-436D-ADB6-1354680364C7}.Release|Any CPU.ActiveCfg = Release|x86
		{85800F71-9E3C-436D-ADB6-1354680364C7}.Release|ARM.ActiveCfg = Release|ARM
		{85800F71-9E3C-436D-ADB6-1354680364C7}.Release|ARM.Build.0 = Release|ARM
		{85800F71-9E3C-436D-ADB6-1354680364C7}.Release|ARM.Deploy.0 = Release|ARM
		{85800F71-9E3C-436D-ADB6-1354680364C7}.Release|ARM64.ActiveCfg = Release|ARM64
		{85800F71-9E3C-436D-ADB6-1354680364C7}.Release|ARM64.Build.0 = Release|ARM64
		{85800F71-9E3C-436D-ADB6-1354680364C7}.Release|ARM64.Deploy.0 = Release|ARM64
		{85800F71-9E3C-436D-ADB6-1354680364C7}.Release|x64.ActiveCfg = Release|x64
		{85800F71-9E3C-436D-ADB6-1354680364C7}.Release|x64.Build.0 = Release|x64
		{85800F71-9E3C-436D-ADB6-1354680364C7}.Release|x64.Deploy.0 = Release|x64
		{85800F71-9E3C-436D-ADB6-1354680364C7}.Release|x86.ActiveCfg = Release|x86
		{85800F71-9E3C-436D-ADB6-1354680364C7}.Release|x86.Build.0 = Release|x86
		{85800F71-9E3C-436D-ADB6-1354680364C7}.Release|x86.Deploy.0 = Release|x86
	EndGlobalSection
	GlobalSection(SolutionProperties) = preSolution
		HideSolutionNode = FALSE
	EndGlobalSection
	GlobalSection(ExtensibilityGlobals) = postSolution
		SolutionGuid = {6A96A8BD-1388-4C63-98A6-A28642327EE9}
	EndGlobalSection
EndGlobal
